
Microsoft Visual Studio Solution File, Format Version 12.00
# Visual Studio Version 16
VisualStudioVersion = 25.0.1700.0
MinimumVisualStudioVersion = 10.0.40219.1
Project("{FAE04EC0-301F-11D3-BF4B-00C04F79EFBC}") = "GitHubReleaseNotesGenerator", "GitHubReleaseNotesGenerator.csproj", "{E14C9631-66C9-4A39-83A7-D5A58F382231}"
EndProject
Global
	GlobalSection(SolutionConfigurationPlatforms) = preSolution
		Debug|Any CPU = Debug|Any CPU
		Release|Any CPU = Release|Any CPU
	EndGlobalSection
	GlobalSection(ProjectConfigurationPlatforms) = postSolution
		{E14C9631-66C9-4A39-83A7-D5A58F382231}.Debug|Any CPU.ActiveCfg = Debug|Any CPU
		{E14C9631-66C9-4A39-83A7-D5A58F382231}.Debug|Any CPU.Build.0 = Debug|Any CPU
		{E14C9631-66C9-4A39-83A7-D5A58F382231}.Release|Any CPU.ActiveCfg = Release|Any CPU
		{E14C9631-66C9-4A39-83A7-D5A58F382231}.Release|Any CPU.Build.0 = Release|Any CPU
	EndGlobalSection
	GlobalSection(SolutionProperties) = preSolution
		HideSolutionNode = FALSE
	EndGlobalSection
	GlobalSection(ExtensibilityGlobals) = postSolution
		SolutionGuid = {DFA169E1-8DA6-4315-8FD6-A3879D08DC90}
	EndGlobalSection
EndGlobal
